Microsoft Visual Studio Solution File, Format Version 12.00
# Visual Studio 2012
Project("{FAE04EC0-301F-11D3-BF4B-00C04F79EFBC}") = "NUG", "NUG.csproj", "{FCBB79D8-6D80-4B59-8447-5D132678D882}"
EndProject
Global
	GlobalSection(SolutionConfigurationPlatforms) = preSolution
	Debug|Any CPU = Debug|Any CPU
	ExportDebug|Any CPU = ExportDebug|Any CPU
	ExportRelease|Any CPU = ExportRelease|Any CPU
	EndGlobalSection
	GlobalSection(ProjectConfigurationPlatforms) = postSolution
		{FCBB79D8-6D80-4B59-8447-5D132678D882}.Debug|Any CPU.ActiveCfg = Debug|Any CPU
		{FCBB79D8-6D80-4B59-8447-5D132678D882}.Debug|Any CPU.Build.0 = Debug|Any CPU
		{FCBB79D8-6D80-4B59-8447-5D132678D882}.ExportDebug|Any CPU.ActiveCfg = ExportDebug|Any CPU
		{FCBB79D8-6D80-4B59-8447-5D132678D882}.ExportDebug|Any CPU.Build.0 = ExportDebug|Any CPU
		{FCBB79D8-6D80-4B59-8447-5D132678D882}.ExportRelease|Any CPU.ActiveCfg = ExportRelease|Any CPU
		{FCBB79D8-6D80-4B59-8447-5D132678D882}.ExportRelease|Any CPU.Build.0 = ExportRelease|Any CPU
	EndGlobalSection
EndGlobal
